# THIS IS AN AUTOGENERATED FILE. DO NOT EDIT THIS FILE DIRECTLY.
# yarn lockfile v1


"nodemailer@6.5.0":
  "integrity" "sha512-Tm4RPrrIZbnqDKAvX+/4M+zovEReiKlEXWDzG4iwtpL9X34MJY+D5LnQPH/+eghe8DLlAVshHAJZAZWBGhkguw=="
  "resolved" "https://registry.npmjs.org/nodemailer/-/nodemailer-6.5.0.tgz"
  "version" "6.5.0"
